hash: 86ef77d3d823ebc41c8018692aa6983145e2dc20abbf98a54ce4d2ad75dd7fe6
updated: 2018-06-16T09:33:24.1329838+02:00
imports:
- name: github.com/btcsuite/btcd
  version: 86fed781132ac890ee03e906e4ecd5d6fa180c64
  subpackages:
  - btcec
- name: github.com/ethereum/go-ethereum
  version: dea1ce052a10cd7d401a5c04f83f371a06fe293c
  subpackages:
  - common
  - common/hexutil
  - common/math
  - crypto
  - crypto/secp256k1
  - crypto/sha3
  - rlp
- name: github.com/stretchr/testify
  version: f35b8ab0b5a2cef36673838d662e249dd9c94686
  subpackages:
  - assert
testImports: []
